
Microsoft Visual Studio Solution File, Format Version 12.00
# Visual Studio 15
VisualStudioVersion = 15.0.28010.2026
MinimumVisualStudioVersion = 10.0.40219.1
Project("{FAE04EC0-301F-11D3-BF4B-00C04F79EFBC}") = "SignalR2", "SignalR2\SignalR2.csproj", "{786A31C7-7E97-449F-A13E-3D10D3F21445}"
EndProject
Global
	GlobalSection(SolutionConfigurationPlatforms) = preSolution
		Debug|Any CPU = Debug|Any CPU
		Release|Any CPU = Release|Any CPU
	EndGlobalSection
	GlobalSection(ProjectConfigurationPlatforms) = postSolution
		{786A31C7-7E97-449F-A13E-3D10D3F21445}.Debug|Any CPU.ActiveCfg = Debug|Any CPU
		{786A31C7-7E97-449F-A13E-3D10D3F21445}.Debug|Any CPU.Build.0 = Debug|Any CPU
		{786A31C7-7E97-449F-A13E-3D10D3F21445}.Release|Any CPU.ActiveCfg = Release|Any CPU
		{786A31C7-7E97-449F-A13E-3D10D3F21445}.Release|Any CPU.Build.0 = Release|Any CPU
	EndGlobalSection
	GlobalSection(SolutionProperties) = preSolution
		HideSolutionNode = FALSE
	EndGlobalSection
	GlobalSection(ExtensibilityGlobals) = postSolution
		SolutionGuid = {E9F7395D-6EC2-4C71-B4D6-848E8FFF45F2}
	EndGlobalSection
EndGlobal
